
Microsoft Visual Studio Solution File, Format Version 12.00
# Visual Studio Version 17
VisualStudioVersion = 17.2.32616.157
MinimumVisualStudioVersion = 10.0.40219.1
Project("{FAE04EC0-301F-11D3-BF4B-00C04F79EFBC}") = "DrugovichAutoPecas.API", "DrugovichAutoPecas.API\DrugovichAutoPecas.API.csproj", "{53276AEC-6619-4B57-B068-DD6BE6A64197}"
EndProject
Project("{FAE04EC0-301F-11D3-BF4B-00C04F79EFBC}") = "DrugovichAutoPecas.Tests", "DrugovichAutoPecas.Tests\DrugovichAutoPecas.Tests.csproj", "{8664827B-8633-49BB-9E86-067CEC7BC845}"
EndProject
Global
	GlobalSection(SolutionConfigurationPlatforms) = preSolution
		Debug|Any CPU = Debug|Any CPU
		Release|Any CPU = Release|Any CPU
	EndGlobalSection
	GlobalSection(ProjectConfigurationPlatforms) = postSolution
		{53276AEC-6619-4B57-B068-DD6BE6A64197}.Debug|Any CPU.ActiveCfg = Debug|Any CPU
		{53276AEC-6619-4B57-B068-DD6BE6A64197}.Debug|Any CPU.Build.0 = Debug|Any CPU
		{53276AEC-6619-4B57-B068-DD6BE6A64197}.Release|Any CPU.ActiveCfg = Release|Any CPU
		{53276AEC-6619-4B57-B068-DD6BE6A64197}.Release|Any CPU.Build.0 = Release|Any CPU
		{8664827B-8633-49BB-9E86-067CEC7BC845}.Debug|Any CPU.ActiveCfg = Debug|Any CPU
		{8664827B-8633-49BB-9E86-067CEC7BC845}.Debug|Any CPU.Build.0 = Debug|Any CPU
		{8664827B-8633-49BB-9E86-067CEC7BC845}.Release|Any CPU.ActiveCfg = Release|Any CPU
		{8664827B-8633-49BB-9E86-067CEC7BC845}.Release|Any CPU.Build.0 = Release|Any CPU
	EndGlobalSection
	GlobalSection(SolutionProperties) = preSolution
		HideSolutionNode = FALSE
	EndGlobalSection
	GlobalSection(ExtensibilityGlobals) = postSolution
		SolutionGuid = {871F695B-E7E0-4FAD-87C9-AC63DF5EF7C3}
	EndGlobalSection
EndGlobal
